// !$*UTF8*$!
{
	archiveVersion = 1;
	classes = {
	};
	objectVersion = 46;
	objects = {

/* Begin PBXBuildFile section */
		C30577EC1D54BA9C00171EFC /* uCipher.h in Headers */ = {isa = PBXBuildFile; fileRef = C30577C11D54BA9C00171EFC /* uCipher.h */; };
		C30577F11D54BA9C00171EFC /* uCrc.h in Headers */ = {isa = PBXBuildFile; fileRef = C30577C41D54BA9C00171EFC /* uCrc.h */; };
		C30577F61D54BA9C00171EFC /* uMD5.h in Headers */ = {isa = PBXBuildFile; fileRef = C30577C71D54BA9C00171EFC /* uMD5.h */; };
		C30577F91D54BA9C00171EFC /* uAtomic.h in Headers */ = {isa = PBXBuildFile; fileRef = C30577CA1D54BA9C00171EFC /* uAtomic.h */; };
		C30577FA1D54BA9C00171EFC /* uError.cpp in Sources */ = {isa = PBXBuildFile; fileRef = C30577CB1D54BA9C00171EFC /* uError.cpp */; };
		C30577FC1D54BA9C00171EFC /* uError.h in Headers */ = {isa = PBXBuildFile; fileRef = C30577CC1D54BA9C00171EFC /* uError.h */; };
		C30578011D54BA9C00171EFC /* uMemory.h in Headers */ = {isa = PBXBuildFile; fileRef = C30577CF1D54BA9C00171EFC /* uMemory.h */; };
		C305780B1D54BA9C00171EFC /* uSystem.h in Headers */ = {isa = PBXBuildFile; fileRef = C30577D51D54BA9C00171EFC /* uSystem.h */; };
		C305781C1D54BA9C00171EFC /* jappsy.h in Headers */ = {isa = PBXBuildFile; fileRef = C30577E21D54BA9C00171EFC /* jappsy.h */; };
		C30578251D54BA9C00171EFC /* platform.h in Headers */ = {isa = PBXBuildFile; fileRef = C30577E91D54BA9C00171EFC /* platform.h */; };
		C30578281D54BBA000171EFC /* Foundation.framework in Frameworks */ = {isa = PBXBuildFile; fileRef = C30578271D54BBA000171EFC /* Foundation.framework */; };
		C305782A1D54BBAB00171EFC /* OpenGLES.framework in Frameworks */ = {isa = PBXBuildFile; fileRef = C30578291D54BBAB00171EFC /* OpenGLES.framework */; };
		C305782C1D54BBBB00171EFC /* UIKit.framework in Frameworks */ = {isa = PBXBuildFile; fileRef = C305782B1D54BBBB00171EFC /* UIKit.framework */; };
		C30578371D54C73B00171EFC /* platform.m in Sources */ = {isa = PBXBuildFile; fileRef = C30578361D54C73B00171EFC /* platform.m */; };
		C30578401D54CBAB00171EFC /* uMemory.mm in Sources */ = {isa = PBXBuildFile; fileRef = C305783F1D54CBAB00171EFC /* uMemory.mm */; };
		C310C7A51D6CE9C20031E73A /* uGLSceneObject.h in Headers */ = {isa = PBXBuildFile; fileRef = C310C7A41D6CE9C20031E73A /* uGLSceneObject.h */; };
		C33F48801D674A0E00DD03A5 /* uCipher.cpp in Sources */ = {isa = PBXBuildFile; fileRef = C33F487F1D674A0E00DD03A5 /* uCipher.cpp */; };
		C33F48821D674A1500DD03A5 /* uCrc.cpp in Sources */ = {isa = PBXBuildFile; fileRef = C33F48811D674A1500DD03A5 /* uCrc.cpp */; };
		C33F48841D674A1C00DD03A5 /* uMD5.cpp in Sources */ = {isa = PBXBuildFile; fileRef = C33F48831D674A1C00DD03A5 /* uMD5.cpp */; };
		C33FC40C1D68CCFC000D33D4 /* uGLObjectData.cpp in Sources */ = {isa = PBXBuildFile; fileRef = C33FC40A1D68CCFC000D33D4 /* uGLObjectData.cpp */; };
		C33FC40D1D68CCFC000D33D4 /* uGLObjectData.h in Headers */ = {isa = PBXBuildFile; fileRef = C33FC40B1D68CCFC000D33D4 /* uGLObjectData.h */; };
		C3401C5D1D668B4E009B223D /* uSystem.mm in Sources */ = {isa = PBXBuildFile; fileRef = C3401C5C1D668B4E009B223D /* uSystem.mm */; };
		C3401C5F1D668B70009B223D /* jappsy.cpp in Sources */ = {isa = PBXBuildFile; fileRef = C3401C5E1D668B70009B223D /* jappsy.cpp */; };
		C3401C631D669B8C009B223D /* uVector.cpp in Sources */ = {isa = PBXBuildFile; fileRef = C3401C621D669B8C009B223D /* uVector.cpp */; };
		C3401C651D669BE0009B223D /* uObject.cpp in Sources */ = {isa = PBXBuildFile; fileRef = C3401C641D669BE0009B223D /* uObject.cpp */; };
		C340853B1D67F82E007D4835 /* uGLShader.mm in Sources */ = {isa = PBXBuildFile; fileRef = C340853A1D67F82E007D4835 /* uGLShader.mm */; };
		C341B2A01D569A8C00D2D70F /* libz.framework in Frameworks */ = {isa = PBXBuildFile; fileRef = C341B29F1D569A8C00D2D70F /* libz.framework */; };
		C34FD9571D5B54EB0022FF71 /* uGLFrame.cpp in Sources */ = {isa = PBXBuildFile; fileRef = C34FD9531D5B54EB0022FF71 /* uGLFrame.cpp */; };
		C34FD9591D5B54EB0022FF71 /* uGLFrame.h in Headers */ = {isa = PBXBuildFile; fileRef = C34FD9541D5B54EB0022FF71 /* uGLFrame.h */; };
		C34FD95A1D5B54EB0022FF71 /* uGLRender.cpp in Sources */ = {isa = PBXBuildFile; fileRef = C34FD9551D5B54EB0022FF71 /* uGLRender.cpp */; };
		C34FD95C1D5B54EB0022FF71 /* uGLRender.h in Headers */ = {isa = PBXBuildFile; fileRef = C34FD9561D5B54EB0022FF71 /* uGLRender.h */; };
		C34FD9611D5B55540022FF71 /* uGLEngine.h in Headers */ = {isa = PBXBuildFile; fileRef = C34FD95E1D5B55540022FF71 /* uGLEngine.h */; };
		C34FD9641D5B67900022FF71 /* uGLTouchScreen.cpp in Sources */ = {isa = PBXBuildFile; fileRef = C34FD9621D5B67900022FF71 /* uGLTouchScreen.cpp */; };
		C34FD9661D5B67900022FF71 /* uGLTouchScreen.h in Headers */ = {isa = PBXBuildFile; fileRef = C34FD9631D5B67900022FF71 /* uGLTouchScreen.h */; };
		C34FD9841D5B8E0A0022FF71 /* uSmoothValue.cpp in Sources */ = {isa = PBXBuildFile; fileRef = C34FD97D1D5B8E0A0022FF71 /* uSmoothValue.cpp */; };
		C34FD9861D5B8E0A0022FF71 /* uSmoothValue.h in Headers */ = {isa = PBXBuildFile; fileRef = C34FD97E1D5B8E0A0022FF71 /* uSmoothValue.h */; };
		C34FD9871D5B8E0A0022FF71 /* uString.h in Headers */ = {isa = PBXBuildFile; fileRef = C34FD97F1D5B8E0A0022FF71 /* uString.h */; };
		C34FD9881D5B8E0A0022FF71 /* uString.mm in Sources */ = {isa = PBXBuildFile; fileRef = C34FD9801D5B8E0A0022FF71 /* uString.mm */; };
		C34FD98A1D5B8E0A0022FF71 /* uVector.h in Headers */ = {isa = PBXBuildFile; fileRef = C34FD9811D5B8E0A0022FF71 /* uVector.h */; };
		C34FD9921D5B926A0022FF71 /* uMotionEvent.cpp in Sources */ = {isa = PBXBuildFile; fileRef = C34FD9901D5B926A0022FF71 /* uMotionEvent.cpp */; };
		C34FD9941D5B926A0022FF71 /* uMotionEvent.h in Headers */ = {isa = PBXBuildFile; fileRef = C34FD9911D5B926A0022FF71 /* uMotionEvent.h */; };
		C34FD9B61D5BBBB70022FF71 /* GLContext.h in Headers */ = {isa = PBXBuildFile; fileRef = C34FD9B11D5BBBB70022FF71 /* GLContext.h */; };
		C34FD9B71D5BBBB70022FF71 /* GLContext.mm in Sources */ = {isa = PBXBuildFile; fileRef = C34FD9B21D5BBBB70022FF71 /* GLContext.mm */; };
		C34FD9B81D5BBBB70022FF71 /* JappsyView.h in Headers */ = {isa = PBXBuildFile; fileRef = C34FD9B31D5BBBB70022FF71 /* JappsyView.h */; settings = {ATTRIBUTES = (Public, ); }; };
		C34FD9B91D5BBBB70022FF71 /* JappsyView.mm in Sources */ = {isa = PBXBuildFile; fileRef = C34FD9B41D5BBBB70022FF71 /* JappsyView.mm */; };
		C34FDA3A1D5BDAB60022FF71 /* uGLEngine.cpp in Sources */ = {isa = PBXBuildFile; fileRef = C34FDA391D5BDAB60022FF71 /* uGLEngine.cpp */; };
		C34FDA411D5C01FC0022FF71 /* uGLCamera.cpp in Sources */ = {isa = PBXBuildFile; fileRef = C34FDA3F1D5C01FC0022FF71 /* uGLCamera.cpp */; };
		C34FDA421D5C01FC0022FF71 /* uGLCamera.h in Headers */ = {isa = PBXBuildFile; fileRef = C34FDA401D5C01FC0022FF71 /* uGLCamera.h */; };
		C34FDA471D5C96DD0022FF71 /* uGLAlignX.h in Headers */ = {isa = PBXBuildFile; fileRef = C34FDA451D5C96DD0022FF71 /* uGLAlignX.h */; };
		C34FDA481D5C96DD0022FF71 /* uGLAlignY.h in Headers */ = {isa = PBXBuildFile; fileRef = C34FDA461D5C96DD0022FF71 /* uGLAlignY.h */; };
		C34FDA4A1D5C97AC0022FF71 /* uGLTypeface.h in Headers */ = {isa = PBXBuildFile; fileRef = C34FDA491D5C97AC0022FF71 /* uGLTypeface.h */; };
		C34FDA4D1D5C97BC0022FF71 /* uGLPaint.cpp in Sources */ = {isa = PBXBuildFile; fileRef = C34FDA4B1D5C97BC0022FF71 /* uGLPaint.cpp */; };
		C34FDA4E1D5C97BC0022FF71 /* uGLPaint.h in Headers */ = {isa = PBXBuildFile; fileRef = C34FDA4C1D5C97BC0022FF71 /* uGLPaint.h */; };
		C34FDA5A1D5CADCB0022FF71 /* uStream.cpp in Sources */ = {isa = PBXBuildFile; fileRef = C34FDA581D5CADCB0022FF71 /* uStream.cpp */; };
		C34FDA5C1D5CADCB0022FF71 /* uStream.h in Headers */ = {isa = PBXBuildFile; fileRef = C34FDA591D5CADCB0022FF71 /* uStream.h */; };
		C34FDA5F1D5CB7350022FF71 /* uLoader.cpp in Sources */ = {isa = PBXBuildFile; fileRef = C34FDA5D1D5CB7350022FF71 /* uLoader.cpp */; };
		C34FDA611D5CB7350022FF71 /* uLoader.h in Headers */ = {isa = PBXBuildFile; fileRef = C34FDA5E1D5CB7350022FF71 /* uLoader.h */; };
		C34FDA6F1D5DDD0B0022FF71 /* uObject.h in Headers */ = {isa = PBXBuildFile; fileRef = C34FDA6C1D5DDD0B0022FF71 /* uObject.h */; };
		C3506D5C1D5256FD005BC914 /* libJappsyEngine.h in Headers */ = {isa = PBXBuildFile; fileRef = C3506D5B1D5256FD005BC914 /* libJappsyEngine.h */; settings = {ATTRIBUTES = (Public, ); }; };
		C35272081D551BBE00F41198 /* uOpenGL.h in Headers */ = {isa = PBXBuildFile; fileRef = C35272071D551BBE00F41198 /* uOpenGL.h */; };
		C352720A1D551E9F00F41198 /* QuartzCore.framework in Frameworks */ = {isa = PBXBuildFile; fileRef = C35272091D551E9F00F41198 /* QuartzCore.framework */; };
		C35900B31D6540AA00C1D154 /* uGLReader.cpp in Sources */ = {isa = PBXBuildFile; fileRef = C35900B11D6540AA00C1D154 /* uGLReader.cpp */; };
		C35900B41D6540AA00C1D154 /* uGLReader.h in Headers */ = {isa = PBXBuildFile; fileRef = C35900B21D6540AA00C1D154 /* uGLReader.h */; };
		C35900C91D6542C700C1D154 /* uGLDrawing.cpp in Sources */ = {isa = PBXBuildFile; fileRef = C35900B51D6542C700C1D154 /* uGLDrawing.cpp */; };
		C35900CA1D6542C700C1D154 /* uGLDrawing.h in Headers */ = {isa = PBXBuildFile; fileRef = C35900B61D6542C700C1D154 /* uGLDrawing.h */; };
		C35900CB1D6542C700C1D154 /* uGLFunc.cpp in Sources */ = {isa = PBXBuildFile; fileRef = C35900B71D6542C700C1D154 /* uGLFunc.cpp */; };
		C35900CC1D6542C700C1D154 /* uGLFunc.h in Headers */ = {isa = PBXBuildFile; fileRef = C35900B81D6542C700C1D154 /* uGLFunc.h */; };
		C35900CD1D6542C700C1D154 /* uGLLight.cpp in Sources */ = {isa = PBXBuildFile; fileRef = C35900B91D6542C700C1D154 /* uGLLight.cpp */; };
		C35900CE1D6542C700C1D154 /* uGLLight.h in Headers */ = {isa = PBXBuildFile; fileRef = C35900BA1D6542C700C1D154 /* uGLLight.h */; };
		C35900CF1D6542C700C1D154 /* uGLModel.cpp in Sources */ = {isa = PBXBuildFile; fileRef = C35900BB1D6542C700C1D154 /* uGLModel.cpp */; };
		C35900D01D6542C700C1D154 /* uGLModel.h in Headers */ = {isa = PBXBuildFile; fileRef = C35900BC1D6542C700C1D154 /* uGLModel.h */; };
		C35900D11D6542C700C1D154 /* uGLObject.cpp in Sources */ = {isa = PBXBuildFile; fileRef = C35900BD1D6542C700C1D154 /* uGLObject.cpp */; };
		C35900D21D6542C700C1D154 /* uGLObject.h in Headers */ = {isa = PBXBuildFile; fileRef = C35900BE1D6542C700C1D154 /* uGLObject.h */; };
		C35900D31D6542C700C1D154 /* uGLParticle.cpp in Sources */ = {isa = PBXBuildFile; fileRef = C35900BF1D6542C700C1D154 /* uGLParticle.cpp */; };
		C35900D41D6542C700C1D154 /* uGLParticle.h in Headers */ = {isa = PBXBuildFile; fileRef = C35900C01D6542C700C1D154 /* uGLParticle.h */; };
		C35900D51D6542C700C1D154 /* uGLScene.cpp in Sources */ = {isa = PBXBuildFile; fileRef = C35900C11D6542C700C1D154 /* uGLScene.cpp */; };
		C35900D61D6542C700C1D154 /* uGLScene.h in Headers */ = {isa = PBXBuildFile; fileRef = C35900C21D6542C700C1D154 /* uGLScene.h */; };
		C35900D81D6542C700C1D154 /* uGLShader.h in Headers */ = {isa = PBXBuildFile; fileRef = C35900C41D6542C700C1D154 /* uGLShader.h */; };
		C35900D91D6542C700C1D154 /* uGLSprite.cpp in Sources */ = {isa = PBXBuildFile; fileRef = C35900C51D6542C700C1D154 /* uGLSprite.cpp */; };
		C35900DA1D6542C700C1D154 /* uGLSprite.h in Headers */ = {isa = PBXBuildFile; fileRef = C35900C61D6542C700C1D154 /* uGLSprite.h */; };
		C35900DB1D6542C700C1D154 /* uGLTexture.cpp in Sources */ = {isa = PBXBuildFile; fileRef = C35900C71D6542C700C1D154 /* uGLTexture.cpp */; };
		C35900DC1D6542C700C1D154 /* uGLTexture.h in Headers */ = {isa = PBXBuildFile; fileRef = C35900C81D6542C700C1D154 /* uGLTexture.h */; };
		C3A4B4EB1D5FD41C0039DD09 /* uJSON.cpp in Sources */ = {isa = PBXBuildFile; fileRef = C3A4B4E91D5FD41C0039DD09 /* uJSON.cpp */; };
		C3A4B4EC1D5FD41C0039DD09 /* uJSON.h in Headers */ = {isa = PBXBuildFile; fileRef = C3A4B4EA1D5FD41C0039DD09 /* uJSON.h */; };
		C3ACF9311D5DED6D0065A832 /* uURI.cpp in Sources */ = {isa = PBXBuildFile; fileRef = C3ACF92F1D5DED6D0065A832 /* uURI.cpp */; };
		C3ACF9321D5DED6D0065A832 /* uURI.h in Headers */ = {isa = PBXBuildFile; fileRef = C3ACF9301D5DED6D0065A832 /* uURI.h */; };
		C3FFBADC1D62FF360099AD22 /* uHTTPClient.h in Headers */ = {isa = PBXBuildFile; fileRef = C3FFBAD61D62FF360099AD22 /* uHTTPClient.h */; };
		C3FFBADD1D62FF360099AD22 /* uHTTPClient.mm in Sources */ = {isa = PBXBuildFile; fileRef = C3FFBAD71D62FF360099AD22 /* uHTTPClient.mm */; };
/* End PBXBuildFile section */

/* Begin PBXFileReference section */
		C30577C11D54BA9C00171EFC /* uCipher.h */ = {isa = PBXFileReference; fileEncoding = 4; lastKnownFileType = sourcecode.c.h; path = uCipher.h; sourceTree = "<group>"; };
		C30577C41D54BA9C00171EFC /* uCrc.h */ = {isa = PBXFileReference; fileEncoding = 4; lastKnownFileType = sourcecode.c.h; path = uCrc.h; sourceTree = "<group>"; };
		C30577C71D54BA9C00171EFC /* uMD5.h */ = {isa = PBXFileReference; fileEncoding = 4; lastKnownFileType = sourcecode.c.h; path = uMD5.h; sourceTree = "<group>"; };
		C30577CA1D54BA9C00171EFC /* uAtomic.h */ = {isa = PBXFileReference; fileEncoding = 4; lastKnownFileType = sourcecode.c.h; path = uAtomic.h; sourceTree = "<group>"; };
		C30577CB1D54BA9C00171EFC /* uError.cpp */ = {isa = PBXFileReference; fileEncoding = 4; lastKnownFileType = sourcecode.cpp.cpp; path = uError.cpp; sourceTree = "<group>"; };
		C30577CC1D54BA9C00171EFC /* uError.h */ = {isa = PBXFileReference; fileEncoding = 4; lastKnownFileType = sourcecode.c.h; path = uError.h; sourceTree = "<group>"; };
		C30577CF1D54BA9C00171EFC /* uMemory.h */ = {isa = PBXFileReference; fileEncoding = 4; lastKnownFileType = sourcecode.c.h; path = uMemory.h; sourceTree = "<group>"; };
		C30577D51D54BA9C00171EFC /* uSystem.h */ = {isa = PBXFileReference; fileEncoding = 4; lastKnownFileType = sourcecode.c.h; path = uSystem.h; sourceTree = "<group>"; };
		C30577E21D54BA9C00171EFC /* jappsy.h */ = {isa = PBXFileReference; fileEncoding = 4; lastKnownFileType = sourcecode.c.h; path = jappsy.h; sourceTree = "<group>"; };
		C30577E91D54BA9C00171EFC /* platform.h */ = {isa = PBXFileReference; fileEncoding = 4; lastKnownFileType = sourcecode.c.h; path = platform.h; sourceTree = "<group>"; };
		C30578271D54BBA000171EFC /* Foundation.framework */ = {isa = PBXFileReference; lastKnownFileType = wrapper.framework; name = Foundation.framework; path = System/Library/Frameworks/Foundation.framework; sourceTree = SDKROOT; };
		C30578291D54BBAB00171EFC /* OpenGLES.framework */ = {isa = PBXFileReference; lastKnownFileType = wrapper.framework; name = OpenGLES.framework; path = System/Library/Frameworks/OpenGLES.framework; sourceTree = SDKROOT; };
		C305782B1D54BBBB00171EFC /* UIKit.framework */ = {isa = PBXFileReference; lastKnownFileType = wrapper.framework; name = UIKit.framework; path = System/Library/Frameworks/UIKit.framework; sourceTree = SDKROOT; };
		C30578361D54C73B00171EFC /* platform.m */ = {isa = PBXFileReference; fileEncoding = 4; lastKnownFileType = sourcecode.c.objc; path = platform.m; sourceTree = "<group>"; };
		C305783F1D54CBAB00171EFC /* uMemory.mm */ = {isa = PBXFileReference; fileEncoding = 4; lastKnownFileType = sourcecode.cpp.objcpp; path = uMemory.mm; sourceTree = "<group>"; };
		C310C7A41D6CE9C20031E73A /* uGLSceneObject.h */ = {isa = PBXFileReference; fileEncoding = 4; lastKnownFileType = sourcecode.c.h; path = uGLSceneObject.h; sourceTree = "<group>"; };
		C33F487F1D674A0E00DD03A5 /* uCipher.cpp */ = {isa = PBXFileReference; fileEncoding = 4; lastKnownFileType = sourcecode.cpp.cpp; path = uCipher.cpp; sourceTree = "<group>"; };
		C33F48811D674A1500DD03A5 /* uCrc.cpp */ = {isa = PBXFileReference; fileEncoding = 4; lastKnownFileType = sourcecode.cpp.cpp; path = uCrc.cpp; sourceTree = "<group>"; };
		C33F48831D674A1C00DD03A5 /* uMD5.cpp */ = {isa = PBXFileReference; fileEncoding = 4; lastKnownFileType = sourcecode.cpp.cpp; path = uMD5.cpp; sourceTree = "<group>"; };
		C33FC40A1D68CCFC000D33D4 /* uGLObjectData.cpp */ = {isa = PBXFileReference; fileEncoding = 4; lastKnownFileType = sourcecode.cpp.cpp; path = uGLObjectData.cpp; sourceTree = "<group>"; };
		C33FC40B1D68CCFC000D33D4 /* uGLObjectData.h */ = {isa = PBXFileReference; fileEncoding = 4; lastKnownFileType = sourcecode.c.h; path = uGLObjectData.h; sourceTree = "<group>"; };
		C3401C5C1D668B4E009B223D /* uSystem.mm */ = {isa = PBXFileReference; fileEncoding = 4; lastKnownFileType = sourcecode.cpp.objcpp; path = uSystem.mm; sourceTree = "<group>"; };
		C3401C5E1D668B70009B223D /* jappsy.cpp */ = {isa = PBXFileReference; fileEncoding = 4; lastKnownFileType = sourcecode.cpp.cpp; path = jappsy.cpp; sourceTree = "<group>"; };
		C3401C621D669B8C009B223D /* uVector.cpp */ = {isa = PBXFileReference; fileEncoding = 4; lastKnownFileType = sourcecode.cpp.cpp; path = uVector.cpp; sourceTree = "<group>"; };
		C3401C641D669BE0009B223D /* uObject.cpp */ = {isa = PBXFileReference; fileEncoding = 4; lastKnownFileType = sourcecode.cpp.cpp; path = uObject.cpp; sourceTree = "<group>"; };
		C340853A1D67F82E007D4835 /* uGLShader.mm */ = {isa = PBXFileReference; fileEncoding = 4; lastKnownFileType = sourcecode.cpp.objcpp; path = uGLShader.mm; sourceTree = "<group>"; };
		C341B29F1D569A8C00D2D70F /* libz.framework */ = {isa = PBXFileReference; lastKnownFileType = wrapper.framework; name = libz.framework; path = "../../../../../Library/Developer/Xcode/DerivedData/JappsyExample-augtpmclbrsmqydvonmpkjlqzief/Build/Products/Debug-iphonesimulator/libz.framework"; sourceTree = "<group>"; };
		C34FD9531D5B54EB0022FF71 /* uGLFrame.cpp */ = {isa = PBXFileReference; fileEncoding = 4; lastKnownFileType = sourcecode.cpp.cpp; path = uGLFrame.cpp; sourceTree = "<group>"; };
		C34FD9541D5B54EB0022FF71 /* uGLFrame.h */ = {isa = PBXFileReference; fileEncoding = 4; lastKnownFileType = sourcecode.c.h; path = uGLFrame.h; sourceTree = "<group>"; };
		C34FD9551D5B54EB0022FF71 /* uGLRender.cpp */ = {isa = PBXFileReference; fileEncoding = 4; lastKnownFileType = sourcecode.cpp.cpp; path = uGLRender.cpp; sourceTree = "<group>"; };
		C34FD9561D5B54EB0022FF71 /* uGLRender.h */ = {isa = PBXFileReference; fileEncoding = 4; lastKnownFileType = sourcecode.c.h; path = uGLRender.h; sourceTree = "<group>"; };
		C34FD95E1D5B55540022FF71 /* uGLEngine.h */ = {isa = PBXFileReference; fileEncoding = 4; lastKnownFileType = sourcecode.c.h; path = uGLEngine.h; sourceTree = "<group>"; };
		C34FD9621D5B67900022FF71 /* uGLTouchScreen.cpp */ = {isa = PBXFileReference; fileEncoding = 4; lastKnownFileType = sourcecode.cpp.cpp; path = uGLTouchScreen.cpp; sourceTree = "<group>"; };
		C34FD9631D5B67900022FF71 /* uGLTouchScreen.h */ = {isa = PBXFileReference; fileEncoding = 4; lastKnownFileType = sourcecode.c.h; path = uGLTouchScreen.h; sourceTree = "<group>"; };
		C34FD97D1D5B8E0A0022FF71 /* uSmoothValue.cpp */ = {isa = PBXFileReference; fileEncoding = 4; lastKnownFileType = sourcecode.cpp.cpp; path = uSmoothValue.cpp; sourceTree = "<group>"; };
		C34FD97E1D5B8E0A0022FF71 /* uSmoothValue.h */ = {isa = PBXFileReference; fileEncoding = 4; lastKnownFileType = sourcecode.c.h; path = uSmoothValue.h; sourceTree = "<group>"; };
		C34FD97F1D5B8E0A0022FF71 /* uString.h */ = {isa = PBXFileReference; fileEncoding = 4; lastKnownFileType = sourcecode.c.h; path = uString.h; sourceTree = "<group>"; };
		C34FD9801D5B8E0A0022FF71 /* uString.mm */ = {isa = PBXFileReference; fileEncoding = 4; lastKnownFileType = sourcecode.cpp.objcpp; path = uString.mm; sourceTree = "<group>"; };
		C34FD9811D5B8E0A0022FF71 /* uVector.h */ = {isa = PBXFileReference; fileEncoding = 4; lastKnownFileType = sourcecode.c.h; path = uVector.h; sourceTree = "<group>"; };
		C34FD9901D5B926A0022FF71 /* uMotionEvent.cpp */ = {isa = PBXFileReference; fileEncoding = 4; lastKnownFileType = sourcecode.cpp.cpp; path = uMotionEvent.cpp; sourceTree = "<group>"; };
		C34FD9911D5B926A0022FF71 /* uMotionEvent.h */ = {isa = PBXFileReference; fileEncoding = 4; lastKnownFileType = sourcecode.c.h; path = uMotionEvent.h; sourceTree = "<group>"; };
		C34FD9B11D5BBBB70022FF71 /* GLContext.h */ = {isa = PBXFileReference; fileEncoding = 4; lastKnownFileType = sourcecode.c.h; path = GLContext.h; sourceTree = "<group>"; };
		C34FD9B21D5BBBB70022FF71 /* GLContext.mm */ = {isa = PBXFileReference; fileEncoding = 4; lastKnownFileType = sourcecode.cpp.objcpp; path = GLContext.mm; sourceTree = "<group>"; };
		C34FD9B31D5BBBB70022FF71 /* JappsyView.h */ = {isa = PBXFileReference; fileEncoding = 4; lastKnownFileType = sourcecode.c.h; path = JappsyView.h; sourceTree = "<group>"; };
		C34FD9B41D5BBBB70022FF71 /* JappsyView.mm */ = {isa = PBXFileReference; fileEncoding = 4; lastKnownFileType = sourcecode.cpp.objcpp; path = JappsyView.mm; sourceTree = "<group>"; };
		C34FDA391D5BDAB60022FF71 /* uGLEngine.cpp */ = {isa = PBXFileReference; fileEncoding = 4; lastKnownFileType = sourcecode.cpp.cpp; path = uGLEngine.cpp; sourceTree = "<group>"; };
		C34FDA3F1D5C01FC0022FF71 /* uGLCamera.cpp */ = {isa = PBXFileReference; fileEncoding = 4; lastKnownFileType = sourcecode.cpp.cpp; path = uGLCamera.cpp; sourceTree = "<group>"; };
		C34FDA401D5C01FC0022FF71 /* uGLCamera.h */ = {isa = PBXFileReference; fileEncoding = 4; lastKnownFileType = sourcecode.c.h; path = uGLCamera.h; sourceTree = "<group>"; };
		C34FDA451D5C96DD0022FF71 /* uGLAlignX.h */ = {isa = PBXFileReference; fileEncoding = 4; lastKnownFileType = sourcecode.c.h; path = uGLAlignX.h; sourceTree = "<group>"; };
		C34FDA461D5C96DD0022FF71 /* uGLAlignY.h */ = {isa = PBXFileReference; fileEncoding = 4; lastKnownFileType = sourcecode.c.h; path = uGLAlignY.h; sourceTree = "<group>"; };
		C34FDA491D5C97AC0022FF71 /* uGLTypeface.h */ = {isa = PBXFileReference; fileEncoding = 4; lastKnownFileType = sourcecode.c.h; path = uGLTypeface.h; sourceTree = "<group>"; };
		C34FDA4B1D5C97BC0022FF71 /* uGLPaint.cpp */ = {isa = PBXFileReference; fileEncoding = 4; lastKnownFileType = sourcecode.cpp.cpp; path = uGLPaint.cpp; sourceTree = "<group>"; };
		C34FDA4C1D5C97BC0022FF71 /* uGLPaint.h */ = {isa = PBXFileReference; fileEncoding = 4; lastKnownFileType = sourcecode.c.h; path = uGLPaint.h; sourceTree = "<group>"; };
		C34FDA581D5CADCB0022FF71 /* uStream.cpp */ = {isa = PBXFileReference; fileEncoding = 4; lastKnownFileType = sourcecode.cpp.cpp; path = uStream.cpp; sourceTree = "<group>"; };
		C34FDA591D5CADCB0022FF71 /* uStream.h */ = {isa = PBXFileReference; fileEncoding = 4; lastKnownFileType = sourcecode.c.h; path = uStream.h; sourceTree = "<group>"; };
		C34FDA5D1D5CB7350022FF71 /* uLoader.cpp */ = {isa = PBXFileReference; fileEncoding = 4; lastKnownFileType = sourcecode.cpp.cpp; path = uLoader.cpp; sourceTree = "<group>"; };
		C34FDA5E1D5CB7350022FF71 /* uLoader.h */ = {isa = PBXFileReference; fileEncoding = 4; lastKnownFileType = sourcecode.c.h; path = uLoader.h; sourceTree = "<group>"; };
		C34FDA6C1D5DDD0B0022FF71 /* uObject.h */ = {isa = PBXFileReference; fileEncoding = 4; lastKnownFileType = sourcecode.c.h; path = uObject.h; sourceTree = "<group>"; };
		C3506D581D5256FD005BC914 /* libJappsyEngine.framework */ = {isa = PBXFileReference; explicitFileType = wrapper.framework; includeInIndex = 0; path = libJappsyEngine.framework; sourceTree = BUILT_PRODUCTS_DIR; };
		C3506D5B1D5256FD005BC914 /* libJappsyEngine.h */ = {isa = PBXFileReference; lastKnownFileType = sourcecode.c.h; path = libJappsyEngine.h; sourceTree = "<group>"; };
		C3506D5D1D5256FD005BC914 /* Info.plist */ = {isa = PBXFileReference; lastKnownFileType = text.plist.xml; path = Info.plist; sourceTree = "<group>"; };
		C350705A1D6A420400722351 /* TODO.txt */ = {isa = PBXFileReference; fileEncoding = 4; lastKnownFileType = text; path = TODO.txt; sourceTree = "<group>"; };
		C35272071D551BBE00F41198 /* uOpenGL.h */ = {isa = PBXFileReference; fileEncoding = 4; lastKnownFileType = sourcecode.c.h; path = uOpenGL.h; sourceTree = "<group>"; };
		C35272091D551E9F00F41198 /* QuartzCore.framework */ = {isa = PBXFileReference; lastKnownFileType = wrapper.framework; name = QuartzCore.framework; path = System/Library/Frameworks/QuartzCore.framework; sourceTree = SDKROOT; };
		C35900B11D6540AA00C1D154 /* uGLReader.cpp */ = {isa = PBXFileReference; fileEncoding = 4; lastKnownFileType = sourcecode.cpp.cpp; path = uGLReader.cpp; sourceTree = "<group>"; };
		C35900B21D6540AA00C1D154 /* uGLReader.h */ = {isa = PBXFileReference; fileEncoding = 4; lastKnownFileType = sourcecode.c.h; path = uGLReader.h; sourceTree = "<group>"; };
		C35900B51D6542C700C1D154 /* uGLDrawing.cpp */ = {isa = PBXFileReference; fileEncoding = 4; lastKnownFileType = sourcecode.cpp.cpp; path = uGLDrawing.cpp; sourceTree = "<group>"; };
		C35900B61D6542C700C1D154 /* uGLDrawing.h */ = {isa = PBXFileReference; fileEncoding = 4; lastKnownFileType = sourcecode.c.h; path = uGLDrawing.h; sourceTree = "<group>"; };
		C35900B71D6542C700C1D154 /* uGLFunc.cpp */ = {isa = PBXFileReference; fileEncoding = 4; lastKnownFileType = sourcecode.cpp.cpp; path = uGLFunc.cpp; sourceTree = "<group>"; };
		C35900B81D6542C700C1D154 /* uGLFunc.h */ = {isa = PBXFileReference; fileEncoding = 4; lastKnownFileType = sourcecode.c.h; path = uGLFunc.h; sourceTree = "<group>"; };
		C35900B91D6542C700C1D154 /* uGLLight.cpp */ = {isa = PBXFileReference; fileEncoding = 4; lastKnownFileType = sourcecode.cpp.cpp; path = uGLLight.cpp; sourceTree = "<group>"; };
		C35900BA1D6542C700C1D154 /* uGLLight.h */ = {isa = PBXFileReference; fileEncoding = 4; lastKnownFileType = sourcecode.c.h; path = uGLLight.h; sourceTree = "<group>"; };
		C35900BB1D6542C700C1D154 /* uGLModel.cpp */ = {isa = PBXFileReference; fileEncoding = 4; lastKnownFileType = sourcecode.cpp.cpp; path = uGLModel.cpp; sourceTree = "<group>"; };
		C35900BC1D6542C700C1D154 /* uGLModel.h */ = {isa = PBXFileReference; fileEncoding = 4; lastKnownFileType = sourcecode.c.h; path = uGLModel.h; sourceTree = "<group>"; };
		C35900BD1D6542C700C1D154 /* uGLObject.cpp */ = {isa = PBXFileReference; fileEncoding = 4; lastKnownFileType = sourcecode.cpp.cpp; path = uGLObject.cpp; sourceTree = "<group>"; };
		C35900BE1D6542C700C1D154 /* uGLObject.h */ = {isa = PBXFileReference; fileEncoding = 4; lastKnownFileType = sourcecode.c.h; path = uGLObject.h; sourceTree = "<group>"; };
		C35900BF1D6542C700C1D154 /* uGLParticle.cpp */ = {isa = PBXFileReference; fileEncoding = 4; lastKnownFileType = sourcecode.cpp.cpp; path = uGLParticle.cpp; sourceTree = "<group>"; };
		C35900C01D6542C700C1D154 /* uGLParticle.h */ = {isa = PBXFileReference; fileEncoding = 4; lastKnownFileType = sourcecode.c.h; path = uGLParticle.h; sourceTree = "<group>"; };
		C35900C11D6542C700C1D154 /* uGLScene.cpp */ = {isa = PBXFileReference; fileEncoding = 4; lastKnownFileType = sourcecode.cpp.cpp; path = uGLScene.cpp; sourceTree = "<group>"; };
		C35900C21D6542C700C1D154 /* uGLScene.h */ = {isa = PBXFileReference; fileEncoding = 4; lastKnownFileType = sourcecode.c.h; path = uGLScene.h; sourceTree = "<group>"; };
		C35900C41D6542C700C1D154 /* uGLShader.h */ = {isa = PBXFileReference; fileEncoding = 4; lastKnownFileType = sourcecode.c.h; path = uGLShader.h; sourceTree = "<group>"; };
		C35900C51D6542C700C1D154 /* uGLSprite.cpp */ = {isa = PBXFileReference; fileEncoding = 4; lastKnownFileType = sourcecode.cpp.cpp; path = uGLSprite.cpp; sourceTree = "<group>"; };
		C35900C61D6542C700C1D154 /* uGLSprite.h */ = {isa = PBXFileReference; fileEncoding = 4; lastKnownFileType = sourcecode.c.h; path = uGLSprite.h; sourceTree = "<group>"; };
		C35900C71D6542C700C1D154 /* uGLTexture.cpp */ = {isa = PBXFileReference; fileEncoding = 4; lastKnownFileType = sourcecode.cpp.cpp; path = uGLTexture.cpp; sourceTree = "<group>"; };
		C35900C81D6542C700C1D154 /* uGLTexture.h */ = {isa = PBXFileReference; fileEncoding = 4; lastKnownFileType = sourcecode.c.h; path = uGLTexture.h; sourceTree = "<group>"; };
		C3A4B4E91D5FD41C0039DD09 /* uJSON.cpp */ = {isa = PBXFileReference; fileEncoding = 4; lastKnownFileType = sourcecode.cpp.cpp; path = uJSON.cpp; sourceTree = "<group>"; };
		C3A4B4EA1D5FD41C0039DD09 /* uJSON.h */ = {isa = PBXFileReference; fileEncoding = 4; lastKnownFileType = sourcecode.c.h; path = uJSON.h; sourceTree = "<group>"; };
		C3ACF92F1D5DED6D0065A832 /* uURI.cpp */ = {isa = PBXFileReference; fileEncoding = 4; lastKnownFileType = sourcecode.cpp.cpp; path = uURI.cpp; sourceTree = "<group>"; };
		C3ACF9301D5DED6D0065A832 /* uURI.h */ = {isa = PBXFileReference; fileEncoding = 4; lastKnownFileType = sourcecode.c.h; path = uURI.h; sourceTree = "<group>"; };
		C3FFBAD61D62FF360099AD22 /* uHTTPClient.h */ = {isa = PBXFileReference; fileEncoding = 4; lastKnownFileType = sourcecode.c.h; path = uHTTPClient.h; sourceTree = "<group>"; };
		C3FFBAD71D62FF360099AD22 /* uHTTPClient.mm */ = {isa = PBXFileReference; fileEncoding = 4; lastKnownFileType = sourcecode.cpp.objcpp; path = uHTTPClient.mm; sourceTree = "<group>"; };
/* End PBXFileReference section */

/* Begin PBXFrameworksBuildPhase section */
		C3506D541D5256FD005BC914 /* Frameworks */ = {
			isa = PBXFrameworksBuildPhase;
			buildActionMask = 2147483647;
			files = (
				C341B2A01D569A8C00D2D70F /* libz.framework in Frameworks */,
				C30578281D54BBA000171EFC /* Foundation.framework in Frameworks */,
				C305782C1D54BBBB00171EFC /* UIKit.framework in Frameworks */,
				C352720A1D551E9F00F41198 /* QuartzCore.framework in Frameworks */,
				C305782A1D54BBAB00171EFC /* OpenGLES.framework in Frameworks */,
			);
			runOnlyForDeploymentPostprocessing = 0;
		};
/* End PBXFrameworksBuildPhase section */

/* Begin PBXGroup section */
		C30577BE1D54BA9C00171EFC /* include */ = {
			isa = PBXGroup;
			children = (
				C34FD98F1D5B926A0022FF71 /* event */,
				C34FD9711D5B7C490022FF71 /* data */,
				C34FDA4F1D5CABD30022FF71 /* net */,
				C35271FC1D551B8400F41198 /* opengl */,
				C30577BF1D54BA9C00171EFC /* cipher */,
				C30577C91D54BA9C00171EFC /* core */,
				C3401C5E1D668B70009B223D /* jappsy.cpp */,
				C30577E21D54BA9C00171EFC /* jappsy.h */,
				C30578361D54C73B00171EFC /* platform.m */,
				C30577E91D54BA9C00171EFC /* platform.h */,
			);
			name = include;
			path = ../../../common/include;
			sourceTree = "<group>";
		};
		C30577BF1D54BA9C00171EFC /* cipher */ = {
			isa = PBXGroup;
			children = (
				C30577C11D54BA9C00171EFC /* uCipher.h */,
				C33F487F1D674A0E00DD03A5 /* uCipher.cpp */,
				C30577C41D54BA9C00171EFC /* uCrc.h */,
				C33F48811D674A1500DD03A5 /* uCrc.cpp */,
				C30577C71D54BA9C00171EFC /* uMD5.h */,
				C33F48831D674A1C00DD03A5 /* uMD5.cpp */,
			);
			path = cipher;
			sourceTree = "<group>";
		};
		C30577C91D54BA9C00171EFC /* core */ = {
			isa = PBXGroup;
			children = (
				C30577CA1D54BA9C00171EFC /* uAtomic.h */,
				C30577CB1D54BA9C00171EFC /* uError.cpp */,
				C30577CC1D54BA9C00171EFC /* uError.h */,
				C305783F1D54CBAB00171EFC /* uMemory.mm */,
				C30577CF1D54BA9C00171EFC /* uMemory.h */,
				C3401C5C1D668B4E009B223D /* uSystem.mm */,
				C30577D51D54BA9C00171EFC /* uSystem.h */,
			);
			path = core;
			sourceTree = "<group>";
		};
		C30578261D54BB7D00171EFC /* libs */ = {
			isa = PBXGroup;
			children = (
				C341B29F1D569A8C00D2D70F /* libz.framework */,
				C35272091D551E9F00F41198 /* QuartzCore.framework */,
				C30578271D54BBA000171EFC /* Foundation.framework */,
				C305782B1D54BBBB00171EFC /* UIKit.framework */,
				C30578291D54BBAB00171EFC /* OpenGLES.framework */,
			);
			name = libs;
			sourceTree = "<group>";
		};
		C34FD9711D5B7C490022FF71 /* data */ = {
			isa = PBXGroup;
			children = (
				C3401C641D669BE0009B223D /* uObject.cpp */,
				C34FDA6C1D5DDD0B0022FF71 /* uObject.h */,
				C34FD9801D5B8E0A0022FF71 /* uString.mm */,
				C34FD97F1D5B8E0A0022FF71 /* uString.h */,
				C3A4B4E91D5FD41C0039DD09 /* uJSON.cpp */,
				C3A4B4EA1D5FD41C0039DD09 /* uJSON.h */,
				C34FDA581D5CADCB0022FF71 /* uStream.cpp */,
				C34FDA591D5CADCB0022FF71 /* uStream.h */,
				C34FD97D1D5B8E0A0022FF71 /* uSmoothValue.cpp */,
				C34FD97E1D5B8E0A0022FF71 /* uSmoothValue.h */,
				C34FD9811D5B8E0A0022FF71 /* uVector.h */,
				C3401C621D669B8C009B223D /* uVector.cpp */,
			);
			path = data;
			sourceTree = "<group>";
		};
		C34FD98F1D5B926A0022FF71 /* event */ = {
			isa = PBXGroup;
			children = (
				C34FD9901D5B926A0022FF71 /* uMotionEvent.cpp */,
				C34FD9911D5B926A0022FF71 /* uMotionEvent.h */,
			);
			path = event;
			sourceTree = "<group>";
		};
		C34FDA4F1D5CABD30022FF71 /* net */ = {
			isa = PBXGroup;
			children = (
				C3FFBAD61D62FF360099AD22 /* uHTTPClient.h */,
				C3FFBAD71D62FF360099AD22 /* uHTTPClient.mm */,
				C3ACF92F1D5DED6D0065A832 /* uURI.cpp */,
				C3ACF9301D5DED6D0065A832 /* uURI.h */,
				C34FDA5D1D5CB7350022FF71 /* uLoader.cpp */,
				C34FDA5E1D5CB7350022FF71 /* uLoader.h */,
			);
			path = net;
			sourceTree = "<group>";
		};
		C3506D4E1D5256FD005BC914 = {
			isa = PBXGroup;
			children = (
				C350705A1D6A420400722351 /* TODO.txt */,
				C30578261D54BB7D00171EFC /* libs */,
				C30577BE1D54BA9C00171EFC /* include */,
				C3506D5A1D5256FD005BC914 /* libJappsyEngine */,
				C3506D591D5256FD005BC914 /* Products */,
			);
			sourceTree = "<group>";
			usesTabs = 1;
		};
		C3506D591D5256FD005BC914 /* Products */ = {
			isa = PBXGroup;
			children = (
				C3506D581D5256FD005BC914 /* libJappsyEngine.framework */,
			);
			name = Products;
			sourceTree = "<group>";
		};
		C3506D5A1D5256FD005BC914 /* libJappsyEngine */ = {
			isa = PBXGroup;
			children = (
				C34FD9B11D5BBBB70022FF71 /* GLContext.h */,
				C34FD9B21D5BBBB70022FF71 /* GLContext.mm */,
				C34FD9B31D5BBBB70022FF71 /* JappsyView.h */,
				C34FD9B41D5BBBB70022FF71 /* JappsyView.mm */,
				C3506D5B1D5256FD005BC914 /* libJappsyEngine.h */,
				C3506D5D1D5256FD005BC914 /* Info.plist */,
			);
			path = libJappsyEngine;
			sourceTree = "<group>";
		};
		C35271FC1D551B8400F41198 /* opengl */ = {
			isa = PBXGroup;
			children = (
				C34FDA451D5C96DD0022FF71 /* uGLAlignX.h */,
				C34FDA461D5C96DD0022FF71 /* uGLAlignY.h */,
				C34FDA491D5C97AC0022FF71 /* uGLTypeface.h */,
				C34FDA4B1D5C97BC0022FF71 /* uGLPaint.cpp */,
				C34FDA4C1D5C97BC0022FF71 /* uGLPaint.h */,
				C33FC40A1D68CCFC000D33D4 /* uGLObjectData.cpp */,
				C33FC40B1D68CCFC000D33D4 /* uGLObjectData.h */,
				C35900B11D6540AA00C1D154 /* uGLReader.cpp */,
				C35900B21D6540AA00C1D154 /* uGLReader.h */,
				C34FDA3F1D5C01FC0022FF71 /* uGLCamera.cpp */,
				C34FDA401D5C01FC0022FF71 /* uGLCamera.h */,
				C35900B91D6542C700C1D154 /* uGLLight.cpp */,
				C35900BA1D6542C700C1D154 /* uGLLight.h */,
				C35900C71D6542C700C1D154 /* uGLTexture.cpp */,
				C35900C81D6542C700C1D154 /* uGLTexture.h */,
				C340853A1D67F82E007D4835 /* uGLShader.mm */,
				C35900C41D6542C700C1D154 /* uGLShader.h */,
				C35900C51D6542C700C1D154 /* uGLSprite.cpp */,
				C35900C61D6542C700C1D154 /* uGLSprite.h */,
				C35900C11D6542C700C1D154 /* uGLScene.cpp */,
				C35900C21D6542C700C1D154 /* uGLScene.h */,
				C310C7A41D6CE9C20031E73A /* uGLSceneObject.h */,
				C35900BD1D6542C700C1D154 /* uGLObject.cpp */,
				C35900BE1D6542C700C1D154 /* uGLObject.h */,
				C35900BB1D6542C700C1D154 /* uGLModel.cpp */,
				C35900BC1D6542C700C1D154 /* uGLModel.h */,
				C35900B71D6542C700C1D154 /* uGLFunc.cpp */,
				C35900B81D6542C700C1D154 /* uGLFunc.h */,
				C35900BF1D6542C700C1D154 /* uGLParticle.cpp */,
				C35900C01D6542C700C1D154 /* uGLParticle.h */,
				C35900B51D6542C700C1D154 /* uGLDrawing.cpp */,
				C35900B61D6542C700C1D154 /* uGLDrawing.h */,
				C34FD9621D5B67900022FF71 /* uGLTouchScreen.cpp */,
				C34FD9631D5B67900022FF71 /* uGLTouchScreen.h */,
				C34FDA391D5BDAB60022FF71 /* uGLEngine.cpp */,
				C34FD95E1D5B55540022FF71 /* uGLEngine.h */,
				C34FD9531D5B54EB0022FF71 /* uGLFrame.cpp */,
				C34FD9541D5B54EB0022FF71 /* uGLFrame.h */,
				C34FD9551D5B54EB0022FF71 /* uGLRender.cpp */,
				C34FD9561D5B54EB0022FF71 /* uGLRender.h */,
				C35272071D551BBE00F41198 /* uOpenGL.h */,
			);
			path = opengl;
			sourceTree = "<group>";
		};
/* End PBXGroup section */

/* Begin PBXHeadersBuildPhase section */
		C3506D551D5256FD005BC914 /* Headers */ = {
			isa = PBXHeadersBuildPhase;
			buildActionMask = 2147483647;
			files = (
				C35900D61D6542C700C1D154 /* uGLScene.h in Headers */,
				C34FD9871D5B8E0A0022FF71 /* uString.h in Headers */,
				C34FDA481D5C96DD0022FF71 /* uGLAlignY.h in Headers */,
				C3FFBADC1D62FF360099AD22 /* uHTTPClient.h in Headers */,
				C34FD9B81D5BBBB70022FF71 /* JappsyView.h in Headers */,
				C34FDA5C1D5CADCB0022FF71 /* uStream.h in Headers */,
				C35900DA1D6542C700C1D154 /* uGLSprite.h in Headers */,
				C34FDA611D5CB7350022FF71 /* uLoader.h in Headers */,
				C34FD9611D5B55540022FF71 /* uGLEngine.h in Headers */,
				C35900CA1D6542C700C1D154 /* uGLDrawing.h in Headers */,
				C35900DC1D6542C700C1D154 /* uGLTexture.h in Headers */,
				C30578251D54BA9C00171EFC /* platform.h in Headers */,
				C35272081D551BBE00F41198 /* uOpenGL.h in Headers */,
				C35900D01D6542C700C1D154 /* uGLModel.h in Headers */,
				C33FC40D1D68CCFC000D33D4 /* uGLObjectData.h in Headers */,
				C30577F11D54BA9C00171EFC /* uCrc.h in Headers */,
				C305781C1D54BA9C00171EFC /* jappsy.h in Headers */,
				C34FD95C1D5B54EB0022FF71 /* uGLRender.h in Headers */,
				C35900D81D6542C700C1D154 /* uGLShader.h in Headers */,
				C34FD9861D5B8E0A0022FF71 /* uSmoothValue.h in Headers */,
				C34FDA4E1D5C97BC0022FF71 /* uGLPaint.h in Headers */,
				C310C7A51D6CE9C20031E73A /* uGLSceneObject.h in Headers */,
				C34FD9661D5B67900022FF71 /* uGLTouchScreen.h in Headers */,
				C3506D5C1D5256FD005BC914 /* libJappsyEngine.h in Headers */,
				C30577F91D54BA9C00171EFC /* uAtomic.h in Headers */,
				C34FD9941D5B926A0022FF71 /* uMotionEvent.h in Headers */,
				C34FD9591D5B54EB0022FF71 /* uGLFrame.h in Headers */,
				C30578011D54BA9C00171EFC /* uMemory.h in Headers */,
				C30577F61D54BA9C00171EFC /* uMD5.h in Headers */,
				C35900CE1D6542C700C1D154 /* uGLLight.h in Headers */,
				C35900D41D6542C700C1D154 /* uGLParticle.h in Headers */,
				C3A4B4EC1D5FD41C0039DD09 /* uJSON.h in Headers */,
				C34FD98A1D5B8E0A0022FF71 /* uVector.h in Headers */,
				C35900CC1D6542C700C1D154 /* uGLFunc.h in Headers */,
				C3ACF9321D5DED6D0065A832 /* uURI.h in Headers */,
				C34FDA6F1D5DDD0B0022FF71 /* uObject.h in Headers */,
				C34FDA421D5C01FC0022FF71 /* uGLCamera.h in Headers */,
				C34FDA471D5C96DD0022FF71 /* uGLAlignX.h in Headers */,
				C30577FC1D54BA9C00171EFC /* uError.h in Headers */,
				C30577EC1D54BA9C00171EFC /* uCipher.h in Headers */,
				C305780B1D54BA9C00171EFC /* uSystem.h in Headers */,
				C34FD9B61D5BBBB70022FF71 /* GLContext.h in Headers */,
				C35900B41D6540AA00C1D154 /* uGLReader.h in Headers */,
				C34FDA4A1D5C97AC0022FF71 /* uGLTypeface.h in Headers */,
				C35900D21D6542C700C1D154 /* uGLObject.h in Headers */,
			);
			runOnlyForDeploymentPostprocessing = 0;
		};
/* End PBXHeadersBuildPhase section */

/* Begin PBXNativeTarget section */
		C3506D571D5256FD005BC914 /* libJappsyEngine */ = {
			isa = PBXNativeTarget;
			buildConfigurationList = C3506D6C1D5256FD005BC914 /* Build configuration list for PBXNativeTarget "libJappsyEngine" */;
			buildPhases = (
				C3506D531D5256FD005BC914 /* Sources */,
				C3506D541D5256FD005BC914 /* Frameworks */,
				C3506D551D5256FD005BC914 /* Headers */,
				C3506D561D5256FD005BC914 /* Resources */,
			);
			buildRules = (
			);
			dependencies = (
			);
			name = libJappsyEngine;
			productName = libJappsyEngine;
			productReference = C3506D581D5256FD005BC914 /* libJappsyEngine.framework */;
			productType = "com.apple.product-type.framework";
		};
/* End PBXNativeTarget section */

/* Begin PBXProject section */
		C3506D4F1D5256FD005BC914 /* Project object */ = {
			isa = PBXProject;
			attributes = {
				LastUpgradeCheck = 0730;
				ORGANIZATIONNAME = jappsy.com;
				TargetAttributes = {
					C3506D571D5256FD005BC914 = {
						CreatedOnToolsVersion = 7.3;
					};
				};
			};
			buildConfigurationList = C3506D521D5256FD005BC914 /* Build configuration list for PBXProject "libJappsyEngine" */;
			compatibilityVersion = "Xcode 3.2";
			developmentRegion = English;
			hasScannedForEncodings = 0;
			knownRegions = (
				en,
			);
			mainGroup = C3506D4E1D5256FD005BC914;
			productRefGroup = C3506D591D5256FD005BC914 /* Products */;
			projectDirPath = "";
			projectRoot = "";
			targets = (
				C3506D571D5256FD005BC914 /* libJappsyEngine */,
			);
		};
/* End PBXProject section */

/* Begin PBXResourcesBuildPhase section */
		C3506D561D5256FD005BC914 /* Resources */ = {
			isa = PBXResourcesBuildPhase;
			buildActionMask = 2147483647;
			files = (
			);
			runOnlyForDeploymentPostprocessing = 0;
		};
/* End PBXResourcesBuildPhase section */

/* Begin PBXSourcesBuildPhase section */
		C3506D531D5256FD005BC914 /* Sources */ = {
			isa = PBXSourcesBuildPhase;
			buildActionMask = 2147483647;
			files = (
				C34FDA5F1D5CB7350022FF71 /* uLoader.cpp in Sources */,
				C35900D91D6542C700C1D154 /* uGLSprite.cpp in Sources */,
				C35900CF1D6542C700C1D154 /* uGLModel.cpp in Sources */,
				C33FC40C1D68CCFC000D33D4 /* uGLObjectData.cpp in Sources */,
				C35900CD1D6542C700C1D154 /* uGLLight.cpp in Sources */,
				C35900C91D6542C700C1D154 /* uGLDrawing.cpp in Sources */,
				C3ACF9311D5DED6D0065A832 /* uURI.cpp in Sources */,
				C34FDA4D1D5C97BC0022FF71 /* uGLPaint.cpp in Sources */,
				C34FD9841D5B8E0A0022FF71 /* uSmoothValue.cpp in Sources */,
				C34FD9881D5B8E0A0022FF71 /* uString.mm in Sources */,
				C33F48801D674A0E00DD03A5 /* uCipher.cpp in Sources */,
				C34FD9B91D5BBBB70022FF71 /* JappsyView.mm in Sources */,
				C3401C5F1D668B70009B223D /* jappsy.cpp in Sources */,
				C35900B31D6540AA00C1D154 /* uGLReader.cpp in Sources */,
				C34FDA3A1D5BDAB60022FF71 /* uGLEngine.cpp in Sources */,
				C34FD95A1D5B54EB0022FF71 /* uGLRender.cpp in Sources */,
				C30578371D54C73B00171EFC /* platform.m in Sources */,
				C3FFBADD1D62FF360099AD22 /* uHTTPClient.mm in Sources */,
				C35900CB1D6542C700C1D154 /* uGLFunc.cpp in Sources */,
				C35900D51D6542C700C1D154 /* uGLScene.cpp in Sources */,
				C34FD9921D5B926A0022FF71 /* uMotionEvent.cpp in Sources */,
				C35900DB1D6542C700C1D154 /* uGLTexture.cpp in Sources */,
				C34FDA5A1D5CADCB0022FF71 /* uStream.cpp in Sources */,
				C34FDA411D5C01FC0022FF71 /* uGLCamera.cpp in Sources */,
				C35900D31D6542C700C1D154 /* uGLParticle.cpp in Sources */,
				C340853B1D67F82E007D4835 /* uGLShader.mm in Sources */,
				C33F48841D674A1C00DD03A5 /* uMD5.cpp in Sources */,
				C3A4B4EB1D5FD41C0039DD09 /* uJSON.cpp in Sources */,
				C34FD9641D5B67900022FF71 /* uGLTouchScreen.cpp in Sources */,
				C3401C5D1D668B4E009B223D /* uSystem.mm in Sources */,
				C30578401D54CBAB00171EFC /* uMemory.mm in Sources */,
				C3401C631D669B8C009B223D /* uVector.cpp in Sources */,
				C3401C651D669BE0009B223D /* uObject.cpp in Sources */,
				C34FD9B71D5BBBB70022FF71 /* GLContext.mm in Sources */,
				C34FD9571D5B54EB0022FF71 /* uGLFrame.cpp in Sources */,
				C35900D11D6542C700C1D154 /* uGLObject.cpp in Sources */,
				C33F48821D674A1500DD03A5 /* uCrc.cpp in Sources */,
				C30577FA1D54BA9C00171EFC /* uError.cpp in Sources */,
			);
			runOnlyForDeploymentPostprocessing = 0;
		};
/* End PBXSourcesBuildPhase section */

/* Begin XCBuildConfiguration section */
		C3506D6A1D5256FD005BC914 /* Debug */ = {
			isa = XCBuildConfiguration;
			buildSettings = {
				ALWAYS_SEARCH_USER_PATHS = NO;
				CLANG_ANALYZER_NONNULL = YES;
				CLANG_CXX_LANGUAGE_STANDARD = "gnu++0x";
				CLANG_CXX_LIBRARY = "libc++";
				CLANG_ENABLE_MODULES = YES;
				CLANG_ENABLE_OBJC_ARC = YES;
				CLANG_WARN_BOOL_CONVERSION = YES;
				CLANG_WARN_CONSTANT_CONVERSION = YES;
				CLANG_WARN_DIRECT_OBJC_ISA_USAGE = YES_ERROR;
				CLANG_WARN_EMPTY_BODY = YES;
				CLANG_WARN_ENUM_CONVERSION = YES;
				CLANG_WARN_INT_CONVERSION = YES;
				CLANG_WARN_OBJC_ROOT_CLASS = YES_ERROR;
				CLANG_WARN_UNREACHABLE_CODE = YES;
				CLANG_WARN__DUPLICATE_METHOD_MATCH = YES;
				"CODE_SIGN_IDENTITY[sdk=iphoneos*]" = "iPhone Developer";
				COPY_PHASE_STRIP = NO;
				CURRENT_PROJECT_VERSION = 1;
				DEBUG_INFORMATION_FORMAT = dwarf;
				ENABLE_STRICT_OBJC_MSGSEND = YES;
				ENABLE_TESTABILITY = YES;
				GCC_C_LANGUAGE_STANDARD = gnu99;
				GCC_DYNAMIC_NO_PIC = NO;
				GCC_NO_COMMON_BLOCKS = YES;
				GCC_OPTIMIZATION_LEVEL = 0;
				GCC_PREPROCESSOR_DEFINITIONS = (
					"DEBUG=1",
					"$(inherited)",
				);
				GCC_WARN_64_TO_32_BIT_CONVERSION = YES;
				GCC_WARN_ABOUT_RETURN_TYPE = YES_ERROR;
				GCC_WARN_UNDECLARED_SELECTOR = YES;
				GCC_WARN_UNINITIALIZED_AUTOS = YES_AGGRESSIVE;
				GCC_WARN_UNUSED_FUNCTION = YES;
				GCC_WARN_UNUSED_VARIABLE = YES;
				IPHONEOS_DEPLOYMENT_TARGET = 7.0;
				MTL_ENABLE_DEBUG_INFO = YES;
				ONLY_ACTIVE_ARCH = YES;
				SDKROOT = iphoneos;
				TARGETED_DEVICE_FAMILY = "1,2";
				VERSIONING_SYSTEM = "apple-generic";
				VERSION_INFO_PREFIX = "";
			};
			name = Debug;
		};
		C3506D6B1D5256FD005BC914 /* Release */ = {
			isa = XCBuildConfiguration;
			buildSettings = {
				ALWAYS_SEARCH_USER_PATHS = NO;
				CLANG_ANALYZER_NONNULL = YES;
				CLANG_CXX_LANGUAGE_STANDARD = "gnu++0x";
				CLANG_CXX_LIBRARY = "libc++";
				CLANG_ENABLE_MODULES = YES;
				CLANG_ENABLE_OBJC_ARC = YES;
				CLANG_WARN_BOOL_CONVERSION = YES;
				CLANG_WARN_CONSTANT_CONVERSION = YES;
				CLANG_WARN_DIRECT_OBJC_ISA_USAGE = YES_ERROR;
				CLANG_WARN_EMPTY_BODY = YES;
				CLANG_WARN_ENUM_CONVERSION = YES;
				CLANG_WARN_INT_CONVERSION = YES;
				CLANG_WARN_OBJC_ROOT_CLASS = YES_ERROR;
				CLANG_WARN_UNREACHABLE_CODE = YES;
				CLANG_WARN__DUPLICATE_METHOD_MATCH = YES;
				"CODE_SIGN_IDENTITY[sdk=iphoneos*]" = "iPhone Developer";
				COPY_PHASE_STRIP = NO;
				CURRENT_PROJECT_VERSION = 1;
				DEBUG_INFORMATION_FORMAT = "dwarf-with-dsym";
				ENABLE_NS_ASSERTIONS = NO;
				ENABLE_STRICT_OBJC_MSGSEND = YES;
				GCC_C_LANGUAGE_STANDARD = gnu99;
				GCC_NO_COMMON_BLOCKS = YES;
				GCC_WARN_64_TO_32_BIT_CONVERSION = YES;
				GCC_WARN_ABOUT_RETURN_TYPE = YES_ERROR;
				GCC_WARN_UNDECLARED_SELECTOR = YES;
				GCC_WARN_UNINITIALIZED_AUTOS = YES_AGGRESSIVE;
				GCC_WARN_UNUSED_FUNCTION = YES;
				GCC_WARN_UNUSED_VARIABLE = YES;
				IPHONEOS_DEPLOYMENT_TARGET = 7.0;
				MTL_ENABLE_DEBUG_INFO = NO;
				SDKROOT = iphoneos;
				TARGETED_DEVICE_FAMILY = "1,2";
				VALIDATE_PRODUCT = YES;
				VERSIONING_SYSTEM = "apple-generic";
				VERSION_INFO_PREFIX = "";
			};
			name = Release;
		};
		C3506D6D1D5256FD005BC914 /* Debug */ = {
			isa = XCBuildConfiguration;
			buildSettings = {
				DEFINES_MODULE = YES;
				DYLIB_COMPATIBILITY_VERSION = 1;
				DYLIB_CURRENT_VERSION = 1;
				DYLIB_INSTALL_NAME_BASE = "@rpath";
				HEADER_SEARCH_PATHS = $SRCROOT/../../../common/include/;
				INFOPLIST_FILE = libJappsyEngine/Info.plist;
				INSTALL_PATH = "$(LOCAL_LIBRARY_DIR)/Frameworks";
				IPHONEOS_DEPLOYMENT_TARGET = 7.0;
				LD_RUNPATH_SEARCH_PATHS = "$(inherited) @executable_path/Frameworks @loader_path/Frameworks";
				MACH_O_TYPE = staticlib;
				PRODUCT_BUNDLE_IDENTIFIER = com.jappsy.libJappsyEngine;
				PRODUCT_NAME = "$(TARGET_NAME)";
				SKIP_INSTALL = YES;
			};
			name = Debug;
		};
		C3506D6E1D5256FD005BC914 /* Release */ = {
			isa = XCBuildConfiguration;
			buildSettings = {
				DEFINES_MODULE = YES;
				DYLIB_COMPATIBILITY_VERSION = 1;
				DYLIB_CURRENT_VERSION = 1;
				DYLIB_INSTALL_NAME_BASE = "@rpath";
				HEADER_SEARCH_PATHS = $SRCROOT/../../../common/include/;
				INFOPLIST_FILE = libJappsyEngine/Info.plist;
				INSTALL_PATH = "$(LOCAL_LIBRARY_DIR)/Frameworks";
				IPHONEOS_DEPLOYMENT_TARGET = 7.0;
				LD_RUNPATH_SEARCH_PATHS = "$(inherited) @executable_path/Frameworks @loader_path/Frameworks";
				MACH_O_TYPE = staticlib;
				PRODUCT_BUNDLE_IDENTIFIER = com.jappsy.libJappsyEngine;
				PRODUCT_NAME = "$(TARGET_NAME)";
				SKIP_INSTALL = YES;
			};
			name = Release;
		};
/* End XCBuildConfiguration section */

/* Begin XCConfigurationList section */
		C3506D521D5256FD005BC914 /* Build configuration list for PBXProject "libJappsyEngine" */ = {
			isa = XCConfigurationList;
			buildConfigurations = (
				C3506D6A1D5256FD005BC914 /* Debug */,
				C3506D6B1D5256FD005BC914 /* Release */,
			);
			defaultConfigurationIsVisible = 0;
			defaultConfigurationName = Debug;
		};
		C3506D6C1D5256FD005BC914 /* Build configuration list for PBXNativeTarget "libJappsyEngine" */ = {
			isa = XCConfigurationList;
			buildConfigurations = (
				C3506D6D1D5256FD005BC914 /* Debug */,
				C3506D6E1D5256FD005BC914 /* Release */,
			);
			defaultConfigurationIsVisible = 0;
			defaultConfigurationName = Debug;
		};
/* End XCConfigurationList section */
	};
	rootObject = C3506D4F1D5256FD005BC914 /* Project object */;
}
